Microsoft Visual Studio Solution File, Format Version 11.00
# Visual Studio 2008

Project("{EA703E7A-A1EF-DA00-64EA-A507D9E8AB7E}") = "hoge", "Assembly-CSharp.csproj", "{F424F24B-0FF0-7C99-321C-7483177243CD}"
EndProject
Global
	GlobalSection(SolutionConfigurationPlatforms) = preSolution
		Debug|Any CPU = Debug|Any CPU
		Release|Any CPU = Release|Any CPU
	EndGlobalSection
	GlobalSection(ProjectConfigurationPlatforms) = postSolution
		{F424F24B-0FF0-7C99-321C-7483177243CD}.Debug|Any CPU.ActiveCfg = Debug|Any CPU
		{F424F24B-0FF0-7C99-321C-7483177243CD}.Debug|Any CPU.Build.0 = Debug|Any CPU
		{F424F24B-0FF0-7C99-321C-7483177243CD}.Release|Any CPU.ActiveCfg = Release|Any CPU
		{F424F24B-0FF0-7C99-321C-7483177243CD}.Release|Any CPU.Build.0 = Release|Any CPU
	EndGlobalSection
	GlobalSection(SolutionProperties) = preSolution
		HideSolutionNode = FALSE
	EndGlobalSection
	GlobalSection(MonoDevelopProperties) = preSolution
		StartupItem = Assembly-CSharp.csproj
	EndGlobalSection
EndGlobal
