Microsoft Visual Studio Solution File, Format Version 11.00
# Visual Studio 2008

Project("{EE3A1669-7875-1F00-955F-A312590DE493}") = "tapMoveTest", "Assembly-CSharp.csproj", "{5E5D9CF9-5571-CAA1-20B1-9C7222B3059F}"
EndProject
Global
	GlobalSection(SolutionConfigurationPlatforms) = preSolution
		Debug|Any CPU = Debug|Any CPU
		Release|Any CPU = Release|Any CPU
	EndGlobalSection
	GlobalSection(ProjectConfigurationPlatforms) = postSolution
		{5E5D9CF9-5571-CAA1-20B1-9C7222B3059F}.Debug|Any CPU.ActiveCfg = Debug|Any CPU
		{5E5D9CF9-5571-CAA1-20B1-9C7222B3059F}.Debug|Any CPU.Build.0 = Debug|Any CPU
		{5E5D9CF9-5571-CAA1-20B1-9C7222B3059F}.Release|Any CPU.ActiveCfg = Release|Any CPU
		{5E5D9CF9-5571-CAA1-20B1-9C7222B3059F}.Release|Any CPU.Build.0 = Release|Any CPU
	EndGlobalSection
	GlobalSection(SolutionProperties) = preSolution
		HideSolutionNode = FALSE
	EndGlobalSection
	GlobalSection(MonoDevelopProperties) = preSolution
		StartupItem = Assembly-CSharp.csproj
	EndGlobalSection
EndGlobal
