Microsoft Visual Studio Solution File, Format Version 11.00
# Visual Studio 2008

Project("{E373A9BE-7AFB-FA19-AA17-EAA54F19AF88}") = "bomb", "Assembly-CSharp.csproj", "{65687F5F-8CD2-8EB5-A3CA-D4A89D9F0881}"
EndProject
Global
	GlobalSection(SolutionConfigurationPlatforms) = preSolution
		Debug|Any CPU = Debug|Any CPU
		Release|Any CPU = Release|Any CPU
	EndGlobalSection
	GlobalSection(ProjectConfigurationPlatforms) = postSolution
		{65687F5F-8CD2-8EB5-A3CA-D4A89D9F0881}.Debug|Any CPU.ActiveCfg = Debug|Any CPU
		{65687F5F-8CD2-8EB5-A3CA-D4A89D9F0881}.Debug|Any CPU.Build.0 = Debug|Any CPU
		{65687F5F-8CD2-8EB5-A3CA-D4A89D9F0881}.Release|Any CPU.ActiveCfg = Release|Any CPU
		{65687F5F-8CD2-8EB5-A3CA-D4A89D9F0881}.Release|Any CPU.Build.0 = Release|Any CPU
	EndGlobalSection
	GlobalSection(SolutionProperties) = preSolution
		HideSolutionNode = FALSE
	EndGlobalSection
	GlobalSection(MonoDevelopProperties) = preSolution
		StartupItem = Assembly-CSharp.csproj
	EndGlobalSection
EndGlobal
