Microsoft Visual Studio Solution File, Format Version 11.00
# Visual Studio 2008

Project("{F4732159-A63B-EBFC-90CB-5A747B795298}") = "hfdkhdkdgfkfhkgkghdkdghghkd", "Assembly-CSharp.csproj", "{D0683DEA-E099-BAC9-4389-BADF357DFD46}"
EndProject
Global
	GlobalSection(SolutionConfigurationPlatforms) = preSolution
		Debug|Any CPU = Debug|Any CPU
		Release|Any CPU = Release|Any CPU
	EndGlobalSection
	GlobalSection(ProjectConfigurationPlatforms) = postSolution
		{D0683DEA-E099-BAC9-4389-BADF357DFD46}.Debug|Any CPU.ActiveCfg = Debug|Any CPU
		{D0683DEA-E099-BAC9-4389-BADF357DFD46}.Debug|Any CPU.Build.0 = Debug|Any CPU
		{D0683DEA-E099-BAC9-4389-BADF357DFD46}.Release|Any CPU.ActiveCfg = Release|Any CPU
		{D0683DEA-E099-BAC9-4389-BADF357DFD46}.Release|Any CPU.Build.0 = Release|Any CPU
	EndGlobalSection
	GlobalSection(SolutionProperties) = preSolution
		HideSolutionNode = FALSE
	EndGlobalSection
	GlobalSection(MonoDevelopProperties) = preSolution
		StartupItem = Assembly-CSharp.csproj
	EndGlobalSection
EndGlobal
